
Microsoft Visual Studio Solution File, Format Version 12.00
# Visual Studio 15
VisualStudioVersion = 15.0.27004.2005
MinimumVisualStudioVersion = 10.0.40219.1
Project("{FAE04EC0-301F-11D3-BF4B-00C04F79EFBC}") = "Task_1", "Task_1\Task_1.csproj", "{8F35752A-2998-4E99-BC28-1AA5688EC23A}"
EndProject
Project("{FAE04EC0-301F-11D3-BF4B-00C04F79EFBC}") = "ArrayLibrary", "ArrayLibrary\ArrayLibrary.csproj", "{A58A08F3-B22B-4D6F-9198-022F883A12E1}"
EndProject
Project("{FAE04EC0-301F-11D3-BF4B-00C04F79EFBC}") = "Task_2", "Task_2\Task_2.csproj", "{3B72F9D7-F28F-4066-B710-8A4927FC4CC7}"
EndProject
Global
	GlobalSection(SolutionConfigurationPlatforms) = preSolution
		Debug|Any CPU = Debug|Any CPU
		Release|Any CPU = Release|Any CPU
	EndGlobalSection
	GlobalSection(ProjectConfigurationPlatforms) = postSolution
		{8F35752A-2998-4E99-BC28-1AA5688EC23A}.Debug|Any CPU.ActiveCfg = Debug|Any CPU
		{8F35752A-2998-4E99-BC28-1AA5688EC23A}.Debug|Any CPU.Build.0 = Debug|Any CPU
		{8F35752A-2998-4E99-BC28-1AA5688EC23A}.Release|Any CPU.ActiveCfg = Release|Any CPU
		{8F35752A-2998-4E99-BC28-1AA5688EC23A}.Release|Any CPU.Build.0 = Release|Any CPU
		{A58A08F3-B22B-4D6F-9198-022F883A12E1}.Debug|Any CPU.ActiveCfg = Debug|Any CPU
		{A58A08F3-B22B-4D6F-9198-022F883A12E1}.Debug|Any CPU.Build.0 = Debug|Any CPU
		{A58A08F3-B22B-4D6F-9198-022F883A12E1}.Release|Any CPU.ActiveCfg = Release|Any CPU
		{A58A08F3-B22B-4D6F-9198-022F883A12E1}.Release|Any CPU.Build.0 = Release|Any CPU
		{3B72F9D7-F28F-4066-B710-8A4927FC4CC7}.Debug|Any CPU.ActiveCfg = Debug|Any CPU
		{3B72F9D7-F28F-4066-B710-8A4927FC4CC7}.Debug|Any CPU.Build.0 = Debug|Any CPU
		{3B72F9D7-F28F-4066-B710-8A4927FC4CC7}.Release|Any CPU.ActiveCfg = Release|Any CPU
		{3B72F9D7-F28F-4066-B710-8A4927FC4CC7}.Release|Any CPU.Build.0 = Release|Any CPU
	EndGlobalSection
	GlobalSection(SolutionProperties) = preSolution
		HideSolutionNode = FALSE
	EndGlobalSection
	GlobalSection(ExtensibilityGlobals) = postSolution
		SolutionGuid = {053201CD-65DA-4BCB-91D8-64FD37FCC142}
	EndGlobalSection
EndGlobal
